PODS:
  - PandoraBox (0.1.0):
    - PandoraBox/Base (= 0.1.0)
    - PandoraBox/Categories (= 0.1.0)
    - PandoraBox/PBTimerManager (= 0.1.0)
  - PandoraBox/Base (0.1.0)
  - PandoraBox/Categories (0.1.0)
  - PandoraBox/PBTimerManager (0.1.0)

DEPENDENCIES:
  - PandoraBox (from `../`)

EXTERNAL SOURCES:
  PandoraBox:
    :path: "../"

SPEC CHECKSUMS:
  PandoraBox: a8fbba5c4106bc8041886069479ae3d065b8514c

PODFILE CHECKSUM: e66a32d57324868b69174a530a7bb1acc77b139b

COCOAPODS: 1.7.2
